
Microsoft Visual Studio Solution File, Format Version 12.00
# Visual Studio Version 17
VisualStudioVersion = 17.13.35825.156 d17.13
MinimumVisualStudioVersion = 10.0.40219.1
Project("{FAE04EC0-301F-11D3-BF4B-00C04F79EFBC}") = "InternshipTask", "InternshipTask.csproj", "{3CB3A8F5-5F88-403C-AC21-256B88EECFCC}"
EndProject
Project("{2150E333-8FDC-42A3-9474-1A3956D46DE8}") = "Microservices", "Microservices", "{36D591C7-65C7-A0D1-1CBC-10CDE441BDC8}"
EndProject
Project("{FAE04EC0-301F-11D3-BF4B-00C04F79EFBC}") = "UserService", "UserService\UserService.csproj", "{581A9682-286A-4405-93D9-74E6492E331F}"
EndProject
Project("{FAE04EC0-301F-11D3-BF4B-00C04F79EFBC}") = "ActRegistrationService", "ActRegistrationService\ActRegistrationService.csproj", "{904573A7-CEC4-4E32-9989-7A03B6ECCDB7}"
EndProject
Project("{FAE04EC0-301F-11D3-BF4B-00C04F79EFBC}") = "ReportService", "ReportService\ReportService.csproj", "{9DB9D9D2-8F8F-404A-9F89-B64C5FA4EF2D}"
EndProject
Global
	GlobalSection(SolutionConfigurationPlatforms) = preSolution
		Debug|Any CPU = Debug|Any CPU
		Release|Any CPU = Release|Any CPU
	EndGlobalSection
	GlobalSection(ProjectConfigurationPlatforms) = postSolution
		{3CB3A8F5-5F88-403C-AC21-256B88EECFCC}.Debug|Any CPU.ActiveCfg = Debug|Any CPU
		{3CB3A8F5-5F88-403C-AC21-256B88EECFCC}.Debug|Any CPU.Build.0 = Debug|Any CPU
		{3CB3A8F5-5F88-403C-AC21-256B88EECFCC}.Release|Any CPU.ActiveCfg = Release|Any CPU
		{3CB3A8F5-5F88-403C-AC21-256B88EECFCC}.Release|Any CPU.Build.0 = Release|Any CPU
		{581A9682-286A-4405-93D9-74E6492E331F}.Debug|Any CPU.ActiveCfg = Debug|Any CPU
		{581A9682-286A-4405-93D9-74E6492E331F}.Debug|Any CPU.Build.0 = Debug|Any CPU
		{581A9682-286A-4405-93D9-74E6492E331F}.Release|Any CPU.ActiveCfg = Release|Any CPU
		{581A9682-286A-4405-93D9-74E6492E331F}.Release|Any CPU.Build.0 = Release|Any CPU
		{904573A7-CEC4-4E32-9989-7A03B6ECCDB7}.Debug|Any CPU.ActiveCfg = Debug|Any CPU
		{904573A7-CEC4-4E32-9989-7A03B6ECCDB7}.Debug|Any CPU.Build.0 = Debug|Any CPU
		{904573A7-CEC4-4E32-9989-7A03B6ECCDB7}.Release|Any CPU.ActiveCfg = Release|Any CPU
		{904573A7-CEC4-4E32-9989-7A03B6ECCDB7}.Release|Any CPU.Build.0 = Release|Any CPU
		{9DB9D9D2-8F8F-404A-9F89-B64C5FA4EF2D}.Debug|Any CPU.ActiveCfg = Debug|Any CPU
		{9DB9D9D2-8F8F-404A-9F89-B64C5FA4EF2D}.Debug|Any CPU.Build.0 = Debug|Any CPU
		{9DB9D9D2-8F8F-404A-9F89-B64C5FA4EF2D}.Release|Any CPU.ActiveCfg = Release|Any CPU
		{9DB9D9D2-8F8F-404A-9F89-B64C5FA4EF2D}.Release|Any CPU.Build.0 = Release|Any CPU
	EndGlobalSection
	GlobalSection(SolutionProperties) = preSolution
		HideSolutionNode = FALSE
	EndGlobalSection
	GlobalSection(NestedProjects) = preSolution
		{581A9682-286A-4405-93D9-74E6492E331F} = {36D591C7-65C7-A0D1-1CBC-10CDE441BDC8}
		{904573A7-CEC4-4E32-9989-7A03B6ECCDB7} = {36D591C7-65C7-A0D1-1CBC-10CDE441BDC8}
		{9DB9D9D2-8F8F-404A-9F89-B64C5FA4EF2D} = {36D591C7-65C7-A0D1-1CBC-10CDE441BDC8}
	EndGlobalSection
	GlobalSection(ExtensibilityGlobals) = postSolution
		SolutionGuid = {80C36AD1-2E7A-442C-9C87-59536655D5DE}
	EndGlobalSection
EndGlobal
